// !$*UTF8*$!
{
	archiveVersion = 1;
	classes = {
	};
	objectVersion = 56;
	objects = {

/* Begin PBXBuildFile section */
		DBCCE51C28B810710072AA13 /* EnvironmentDIApp.swift in Sources */ = {isa = PBXBuildFile; fileRef = DBCCE51B28B810710072AA13 /* EnvironmentDIApp.swift */; };
		DBCCE51E28B810710072AA13 /* ContentView.swift in Sources */ = {isa = PBXBuildFile; fileRef = DBCCE51D28B810710072AA13 /* ContentView.swift */; };
		DBCCE52028B810740072AA13 /* Assets.xcassets in Resources */ = {isa = PBXBuildFile; fileRef = DBCCE51F28B810740072AA13 /* Assets.xcassets */; };
		DBCCE52328B810740072AA13 /* Preview Assets.xcassets in Resources */ = {isa = PBXBuildFile; fileRef = DBCCE52228B810740072AA13 /* Preview Assets.xcassets */; };
		DBCCE52D28B810740072AA13 /* EnvironmentDITests.swift in Sources */ = {isa = PBXBuildFile; fileRef = DBCCE52C28B810740072AA13 /* EnvironmentDITests.swift */; };
		DBCCE53728B810740072AA13 /* EnvironmentDIUITests.swift in Sources */ = {isa = PBXBuildFile; fileRef = DBCCE53628B810740072AA13 /* EnvironmentDIUITests.swift */; };
		DBCCE53928B810740072AA13 /* EnvironmentDIUITestsLaunchTests.swift in Sources */ = {isa = PBXBuildFile; fileRef = DBCCE53828B810740072AA13 /* EnvironmentDIUITestsLaunchTests.swift */; };
		DBCCE54628B810920072AA13 /* Service.swift in Sources */ = {isa = PBXBuildFile; fileRef = DBCCE54528B810920072AA13 /* Service.swift */; };
		DBCCE54828B810CB0072AA13 /* Entity.swift in Sources */ = {isa = PBXBuildFile; fileRef = DBCCE54728B810CB0072AA13 /* Entity.swift */; };
		DBCCE54A28B810F10072AA13 /* APIClient.swift in Sources */ = {isa = PBXBuildFile; fileRef = DBCCE54928B810F10072AA13 /* APIClient.swift */; };
/* End PBXBuildFile section */

/* Begin PBXContainerItemProxy section */
		DBCCE52928B810740072AA13 /* PBXContainerItemProxy */ = {
			isa = PBXContainerItemProxy;
			containerPortal = DBCCE51028B810710072AA13 /* Project object */;
			proxyType = 1;
			remoteGlobalIDString = DBCCE51728B810710072AA13;
			remoteInfo = EnvironmentDI;
		};
		DBCCE53328B810740072AA13 /* PBXContainerItemProxy */ = {
			isa = PBXContainerItemProxy;
			containerPortal = DBCCE51028B810710072AA13 /* Project object */;
			proxyType = 1;
			remoteGlobalIDString = DBCCE51728B810710072AA13;
			remoteInfo = EnvironmentDI;
		};
/* End PBXContainerItemProxy section */

/* Begin PBXFileReference section */
		DBCCE51828B810710072AA13 /* EnvironmentDI.app */ = {isa = PBXFileReference; explicitFileType = wrapper.application; includeInIndex = 0; path = EnvironmentDI.app; sourceTree = BUILT_PRODUCTS_DIR; };
		DBCCE51B28B810710072AA13 /* EnvironmentDIApp.swift */ = {isa = PBXFileReference; lastKnownFileType = sourcecode.swift; path = EnvironmentDIApp.swift; sourceTree = "<group>"; };
		DBCCE51D28B810710072AA13 /* ContentView.swift */ = {isa = PBXFileReference; lastKnownFileType = sourcecode.swift; path = ContentView.swift; sourceTree = "<group>"; };
		DBCCE51F28B810740072AA13 /* Assets.xcassets */ = {isa = PBXFileReference; lastKnownFileType = folder.assetcatalog; path = Assets.xcassets; sourceTree = "<group>"; };
		DBCCE52228B810740072AA13 /* Preview Assets.xcassets */ = {isa = PBXFileReference; lastKnownFileType = folder.assetcatalog; path = "Preview Assets.xcassets"; sourceTree = "<group>"; };
		DBCCE52828B810740072AA13 /* EnvironmentDITests.xctest */ = {isa = PBXFileReference; explicitFileType = wrapper.cfbundle; includeInIndex = 0; path = EnvironmentDITests.xctest; sourceTree = BUILT_PRODUCTS_DIR; };
		DBCCE52C28B810740072AA13 /* EnvironmentDITests.swift */ = {isa = PBXFileReference; lastKnownFileType = sourcecode.swift; path = EnvironmentDITests.swift; sourceTree = "<group>"; };
		DBCCE53228B810740072AA13 /* EnvironmentDIUITests.xctest */ = {isa = PBXFileReference; explicitFileType = wrapper.cfbundle; includeInIndex = 0; path = EnvironmentDIUITests.xctest; sourceTree = BUILT_PRODUCTS_DIR; };
		DBCCE53628B810740072AA13 /* EnvironmentDIUITests.swift */ = {isa = PBXFileReference; lastKnownFileType = sourcecode.swift; path = EnvironmentDIUITests.swift; sourceTree = "<group>"; };
		DBCCE53828B810740072AA13 /* EnvironmentDIUITestsLaunchTests.swift */ = {isa = PBXFileReference; lastKnownFileType = sourcecode.swift; path = EnvironmentDIUITestsLaunchTests.swift; sourceTree = "<group>"; };
		DBCCE54528B810920072AA13 /* Service.swift */ = {isa = PBXFileReference; lastKnownFileType = sourcecode.swift; path = Service.swift; sourceTree = "<group>"; };
		DBCCE54728B810CB0072AA13 /* Entity.swift */ = {isa = PBXFileReference; lastKnownFileType = sourcecode.swift; path = Entity.swift; sourceTree = "<group>"; };
		DBCCE54928B810F10072AA13 /* APIClient.swift */ = {isa = PBXFileReference; lastKnownFileType = sourcecode.swift; path = APIClient.swift; sourceTree = "<group>"; };
		DBCCE54B28B813A10072AA13 /* Info.plist */ = {isa = PBXFileReference; lastKnownFileType = text.plist; path = Info.plist; sourceTree = "<group>"; };
/* End PBXFileReference section */

/* Begin PBXFrameworksBuildPhase section */
		DBCCE51528B810710072AA13 /* Frameworks */ = {
			isa = PBXFrameworksBuildPhase;
			buildActionMask = 2147483647;
			files = (
			);
			runOnlyForDeploymentPostprocessing = 0;
		};
		DBCCE52528B810740072AA13 /* Frameworks */ = {
			isa = PBXFrameworksBuildPhase;
			buildActionMask = 2147483647;
			files = (
			);
			runOnlyForDeploymentPostprocessing = 0;
		};
		DBCCE52F28B810740072AA13 /* Frameworks */ = {
			isa = PBXFrameworksBuildPhase;
			buildActionMask = 2147483647;
			files = (
			);
			runOnlyForDeploymentPostprocessing = 0;
		};
/* End PBXFrameworksBuildPhase section */

/* Begin PBXGroup section */
		DBCCE50F28B810710072AA13 = {
			isa = PBXGroup;
			children = (
				DBCCE51A28B810710072AA13 /* EnvironmentDI */,
				DBCCE52B28B810740072AA13 /* EnvironmentDITests */,
				DBCCE53528B810740072AA13 /* EnvironmentDIUITests */,
				DBCCE51928B810710072AA13 /* Products */,
			);
			sourceTree = "<group>";
		};
		DBCCE51928B810710072AA13 /* Products */ = {
			isa = PBXGroup;
			children = (
				DBCCE51828B810710072AA13 /* EnvironmentDI.app */,
				DBCCE52828B810740072AA13 /* EnvironmentDITests.xctest */,
				DBCCE53228B810740072AA13 /* EnvironmentDIUITests.xctest */,
			);
			name = Products;
			sourceTree = "<group>";
		};
		DBCCE51A28B810710072AA13 /* EnvironmentDI */ = {
			isa = PBXGroup;
			children = (
				DBCCE54B28B813A10072AA13 /* Info.plist */,
				DBCCE51B28B810710072AA13 /* EnvironmentDIApp.swift */,
				DBCCE51D28B810710072AA13 /* ContentView.swift */,
				DBCCE54528B810920072AA13 /* Service.swift */,
				DBCCE54728B810CB0072AA13 /* Entity.swift */,
				DBCCE54928B810F10072AA13 /* APIClient.swift */,
				DBCCE51F28B810740072AA13 /* Assets.xcassets */,
				DBCCE52128B810740072AA13 /* Preview Content */,
			);
			path = EnvironmentDI;
			sourceTree = "<group>";
		};
		DBCCE52128B810740072AA13 /* Preview Content */ = {
			isa = PBXGroup;
			children = (
				DBCCE52228B810740072AA13 /* Preview Assets.xcassets */,
			);
			path = "Preview Content";
			sourceTree = "<group>";
		};
		DBCCE52B28B810740072AA13 /* EnvironmentDITests */ = {
			isa = PBXGroup;
			children = (
				DBCCE52C28B810740072AA13 /* EnvironmentDITests.swift */,
			);
			path = EnvironmentDITests;
			sourceTree = "<group>";
		};
		DBCCE53528B810740072AA13 /* EnvironmentDIUITests */ = {
			isa = PBXGroup;
			children = (
				DBCCE53628B810740072AA13 /* EnvironmentDIUITests.swift */,
				DBCCE53828B810740072AA13 /* EnvironmentDIUITestsLaunchTests.swift */,
			);
			path = EnvironmentDIUITests;
			sourceTree = "<group>";
		};
/* End PBXGroup section */

/* Begin PBXNativeTarget section */
		DBCCE51728B810710072AA13 /* EnvironmentDI */ = {
			isa = PBXNativeTarget;
			buildConfigurationList = DBCCE53C28B810740072AA13 /* Build configuration list for PBXNativeTarget "EnvironmentDI" */;
			buildPhases = (
				DBCCE51428B810710072AA13 /* Sources */,
				DBCCE51528B810710072AA13 /* Frameworks */,
				DBCCE51628B810710072AA13 /* Resources */,
			);
			buildRules = (
			);
			dependencies = (
			);
			name = EnvironmentDI;
			productName = EnvironmentDI;
			productReference = DBCCE51828B810710072AA13 /* EnvironmentDI.app */;
			productType = "com.apple.product-type.application";
		};
		DBCCE52728B810740072AA13 /* EnvironmentDITests */ = {
			isa = PBXNativeTarget;
			buildConfigurationList = DBCCE53F28B810740072AA13 /* Build configuration list for PBXNativeTarget "EnvironmentDITests" */;
			buildPhases = (
				DBCCE52428B810740072AA13 /* Sources */,
				DBCCE52528B810740072AA13 /* Frameworks */,
				DBCCE52628B810740072AA13 /* Resources */,
			);
			buildRules = (
			);
			dependencies = (
				DBCCE52A28B810740072AA13 /* PBXTargetDependency */,
			);
			name = EnvironmentDITests;
			productName = EnvironmentDITests;
			productReference = DBCCE52828B810740072AA13 /* EnvironmentDITests.xctest */;
			productType = "com.apple.product-type.bundle.unit-test";
		};
		DBCCE53128B810740072AA13 /* EnvironmentDIUITests */ = {
			isa = PBXNativeTarget;
			buildConfigurationList = DBCCE54228B810740072AA13 /* Build configuration list for PBXNativeTarget "EnvironmentDIUITests" */;
			buildPhases = (
				DBCCE52E28B810740072AA13 /* Sources */,
				DBCCE52F28B810740072AA13 /* Frameworks */,
				DBCCE53028B810740072AA13 /* Resources */,
			);
			buildRules = (
			);
			dependencies = (
				DBCCE53428B810740072AA13 /* PBXTargetDependency */,
			);
			name = EnvironmentDIUITests;
			productName = EnvironmentDIUITests;
			productReference = DBCCE53228B810740072AA13 /* EnvironmentDIUITests.xctest */;
			productType = "com.apple.product-type.bundle.ui-testing";
		};
/* End PBXNativeTarget section */

/* Begin PBXProject section */
		DBCCE51028B810710072AA13 /* Project object */ = {
			isa = PBXProject;
			attributes = {
				BuildIndependentTargetsInParallel = 1;
				LastSwiftUpdateCheck = 1400;
				LastUpgradeCheck = 1400;
				TargetAttributes = {
					DBCCE51728B810710072AA13 = {
						CreatedOnToolsVersion = 14.0;
					};
					DBCCE52728B810740072AA13 = {
						CreatedOnToolsVersion = 14.0;
						TestTargetID = DBCCE51728B810710072AA13;
					};
					DBCCE53128B810740072AA13 = {
						CreatedOnToolsVersion = 14.0;
						TestTargetID = DBCCE51728B810710072AA13;
					};
				};
			};
			buildConfigurationList = DBCCE51328B810710072AA13 /* Build configuration list for PBXProject "EnvironmentDI" */;
			compatibilityVersion = "Xcode 14.0";
			developmentRegion = en;
			hasScannedForEncodings = 0;
			knownRegions = (
				en,
				Base,
			);
			mainGroup = DBCCE50F28B810710072AA13;
			productRefGroup = DBCCE51928B810710072AA13 /* Products */;
			projectDirPath = "";
			projectRoot = "";
			targets = (
				DBCCE51728B810710072AA13 /* EnvironmentDI */,
				DBCCE52728B810740072AA13 /* EnvironmentDITests */,
				DBCCE53128B810740072AA13 /* EnvironmentDIUITests */,
			);
		};
/* End PBXProject section */

/* Begin PBXResourcesBuildPhase section */
		DBCCE51628B810710072AA13 /* Resources */ = {
			isa = PBXResourcesBuildPhase;
			buildActionMask = 2147483647;
			files = (
				DBCCE52328B810740072AA13 /* Preview Assets.xcassets in Resources */,
				DBCCE52028B810740072AA13 /* Assets.xcassets in Resources */,
			);
			runOnlyForDeploymentPostprocessing = 0;
		};
		DBCCE52628B810740072AA13 /* Resources */ = {
			isa = PBXResourcesBuildPhase;
			buildActionMask = 2147483647;
			files = (
			);
			runOnlyForDeploymentPostprocessing = 0;
		};
		DBCCE53028B810740072AA13 /* Resources */ = {
			isa = PBXResourcesBuildPhase;
			buildActionMask = 2147483647;
			files = (
			);
			runOnlyForDeploymentPostprocessing = 0;
		};
/* End PBXResourcesBuildPhase section */

/* Begin PBXSourcesBuildPhase section */
		DBCCE51428B810710072AA13 /* Sources */ = {
			isa = PBXSourcesBuildPhase;
			buildActionMask = 2147483647;
			files = (
				DBCCE54828B810CB0072AA13 /* Entity.swift in Sources */,
				DBCCE51E28B810710072AA13 /* ContentView.swift in Sources */,
				DBCCE51C28B810710072AA13 /* EnvironmentDIApp.swift in Sources */,
				DBCCE54A28B810F10072AA13 /* APIClient.swift in Sources */,
				DBCCE54628B810920072AA13 /* Service.swift in Sources */,
			);
			runOnlyForDeploymentPostprocessing = 0;
		};
		DBCCE52428B810740072AA13 /* Sources */ = {
			isa = PBXSourcesBuildPhase;
			buildActionMask = 2147483647;
			files = (
				DBCCE52D28B810740072AA13 /* EnvironmentDITests.swift in Sources */,
			);
			runOnlyForDeploymentPostprocessing = 0;
		};
		DBCCE52E28B810740072AA13 /* Sources */ = {
			isa = PBXSourcesBuildPhase;
			buildActionMask = 2147483647;
			files = (
				DBCCE53728B810740072AA13 /* EnvironmentDIUITests.swift in Sources */,
				DBCCE53928B810740072AA13 /* EnvironmentDIUITestsLaunchTests.swift in Sources */,
			);
			runOnlyForDeploymentPostprocessing = 0;
		};
/* End PBXSourcesBuildPhase section */

/* Begin PBXTargetDependency section */
		DBCCE52A28B810740072AA13 /* PBXTargetDependency */ = {
			isa = PBXTargetDependency;
			target = DBCCE51728B810710072AA13 /* EnvironmentDI */;
			targetProxy = DBCCE52928B810740072AA13 /* PBXContainerItemProxy */;
		};
		DBCCE53428B810740072AA13 /* PBXTargetDependency */ = {
			isa = PBXTargetDependency;
			target = DBCCE51728B810710072AA13 /* EnvironmentDI */;
			targetProxy = DBCCE53328B810740072AA13 /* PBXContainerItemProxy */;
		};
/* End PBXTargetDependency section */

/* Begin XCBuildConfiguration section */
		DBCCE53A28B810740072AA13 /* Debug */ = {
			isa = XCBuildConfiguration;
			buildSettings = {
				ALWAYS_SEARCH_USER_PATHS = NO;
				CLANG_ANALYZER_NONNULL = YES;
				CLANG_ANALYZER_NUMBER_OBJECT_CONVERSION = YES_AGGRESSIVE;
				CLANG_CXX_LANGUAGE_STANDARD = "gnu++20";
				CLANG_ENABLE_MODULES = YES;
				CLANG_ENABLE_OBJC_ARC = YES;
				CLANG_ENABLE_OBJC_WEAK = YES;
				CLANG_WARN_BLOCK_CAPTURE_AUTORELEASING = YES;
				CLANG_WARN_BOOL_CONVERSION = YES;
				CLANG_WARN_COMMA = YES;
				CLANG_WARN_CONSTANT_CONVERSION = YES;
				CLANG_WARN_DEPRECATED_OBJC_IMPLEMENTATIONS = YES;
				CLANG_WARN_DIRECT_OBJC_ISA_USAGE = YES_ERROR;
				CLANG_WARN_DOCUMENTATION_COMMENTS = YES;
				CLANG_WARN_EMPTY_BODY = YES;
				CLANG_WARN_ENUM_CONVERSION = YES;
				CLANG_WARN_INFINITE_RECURSION = YES;
				CLANG_WARN_INT_CONVERSION = YES;
				CLANG_WARN_NON_LITERAL_NULL_CONVERSION = YES;
				CLANG_WARN_OBJC_IMPLICIT_RETAIN_SELF = YES;
				CLANG_WARN_OBJC_LITERAL_CONVERSION = YES;
				CLANG_WARN_OBJC_ROOT_CLASS = YES_ERROR;
				CLANG_WARN_QUOTED_INCLUDE_IN_FRAMEWORK_HEADER = YES;
				CLANG_WARN_RANGE_LOOP_ANALYSIS = YES;
				CLANG_WARN_STRICT_PROTOTYPES = YES;
				CLANG_WARN_SUSPICIOUS_MOVE = YES;
				CLANG_WARN_UNGUARDED_AVAILABILITY = YES_AGGRESSIVE;
				CLANG_WARN_UNREACHABLE_CODE = YES;
				CLANG_WARN__DUPLICATE_METHOD_MATCH = YES;
				COPY_PHASE_STRIP = NO;
				DEBUG_INFORMATION_FORMAT = dwarf;
				ENABLE_STRICT_OBJC_MSGSEND = YES;
				ENABLE_TESTABILITY = YES;
				GCC_C_LANGUAGE_STANDARD = gnu11;
				GCC_DYNAMIC_NO_PIC = NO;
				GCC_NO_COMMON_BLOCKS = YES;
				GCC_OPTIMIZATION_LEVEL = 0;
				GCC_PREPROCESSOR_DEFINITIONS = (
					"DEBUG=1",
					"$(inherited)",
				);
				GCC_WARN_64_TO_32_BIT_CONVERSION = YES;
				GCC_WARN_ABOUT_RETURN_TYPE = YES_ERROR;
				GCC_WARN_UNDECLARED_SELECTOR = YES;
				GCC_WARN_UNINITIALIZED_AUTOS = YES_AGGRESSIVE;
				GCC_WARN_UNUSED_FUNCTION = YES;
				GCC_WARN_UNUSED_VARIABLE = YES;
				IPHONEOS_DEPLOYMENT_TARGET = 16.0;
				MTL_ENABLE_DEBUG_INFO = INCLUDE_SOURCE;
				MTL_FAST_MATH = YES;
				ONLY_ACTIVE_ARCH = YES;
				SDKROOT = iphoneos;
				SWIFT_ACTIVE_COMPILATION_CONDITIONS = DEBUG;
				SWIFT_OPTIMIZATION_LEVEL = "-Onone";
			};
			name = Debug;
		};
		DBCCE53B28B810740072AA13 /* Release */ = {
			isa = XCBuildConfiguration;
			buildSettings = {
				ALWAYS_SEARCH_USER_PATHS = NO;
				CLANG_ANALYZER_NONNULL = YES;
				CLANG_ANALYZER_NUMBER_OBJECT_CONVERSION = YES_AGGRESSIVE;
				CLANG_CXX_LANGUAGE_STANDARD = "gnu++20";
				CLANG_ENABLE_MODULES = YES;
				CLANG_ENABLE_OBJC_ARC = YES;
				CLANG_ENABLE_OBJC_WEAK = YES;
				CLANG_WARN_BLOCK_CAPTURE_AUTORELEASING = YES;
				CLANG_WARN_BOOL_CONVERSION = YES;
				CLANG_WARN_COMMA = YES;
				CLANG_WARN_CONSTANT_CONVERSION = YES;
				CLANG_WARN_DEPRECATED_OBJC_IMPLEMENTATIONS = YES;
				CLANG_WARN_DIRECT_OBJC_ISA_USAGE = YES_ERROR;
				CLANG_WARN_DOCUMENTATION_COMMENTS = YES;
				CLANG_WARN_EMPTY_BODY = YES;
				CLANG_WARN_ENUM_CONVERSION = YES;
				CLANG_WARN_INFINITE_RECURSION = YES;
				CLANG_WARN_INT_CONVERSION = YES;
				CLANG_WARN_NON_LITERAL_NULL_CONVERSION = YES;
				CLANG_WARN_OBJC_IMPLICIT_RETAIN_SELF = YES;
				CLANG_WARN_OBJC_LITERAL_CONVERSION = YES;
				CLANG_WARN_OBJC_ROOT_CLASS = YES_ERROR;
				CLANG_WARN_QUOTED_INCLUDE_IN_FRAMEWORK_HEADER = YES;
				CLANG_WARN_RANGE_LOOP_ANALYSIS = YES;
				CLANG_WARN_STRICT_PROTOTYPES = YES;
				CLANG_WARN_SUSPICIOUS_MOVE = YES;
				CLANG_WARN_UNGUARDED_AVAILABILITY = YES_AGGRESSIVE;
				CLANG_WARN_UNREACHABLE_CODE = YES;
				CLANG_WARN__DUPLICATE_METHOD_MATCH = YES;
				COPY_PHASE_STRIP = NO;
				DEBUG_INFORMATION_FORMAT = "dwarf-with-dsym";
				ENABLE_NS_ASSERTIONS = NO;
				ENABLE_STRICT_OBJC_MSGSEND = YES;
				GCC_C_LANGUAGE_STANDARD = gnu11;
				GCC_NO_COMMON_BLOCKS = YES;
				GCC_WARN_64_TO_32_BIT_CONVERSION = YES;
				GCC_WARN_ABOUT_RETURN_TYPE = YES_ERROR;
				GCC_WARN_UNDECLARED_SELECTOR = YES;
				GCC_WARN_UNINITIALIZED_AUTOS = YES_AGGRESSIVE;
				GCC_WARN_UNUSED_FUNCTION = YES;
				GCC_WARN_UNUSED_VARIABLE = YES;
				IPHONEOS_DEPLOYMENT_TARGET = 16.0;
				MTL_ENABLE_DEBUG_INFO = NO;
				MTL_FAST_MATH = YES;
				SDKROOT = iphoneos;
				SWIFT_COMPILATION_MODE = wholemodule;
				SWIFT_OPTIMIZATION_LEVEL = "-O";
				VALIDATE_PRODUCT = YES;
			};
			name = Release;
		};
		DBCCE53D28B810740072AA13 /* Debug */ = {
			isa = XCBuildConfiguration;
			buildSettings = {
				ASSETCATALOG_COMPILER_APPICON_NAME = AppIcon;
				ASSETCATALOG_COMPILER_GLOBAL_ACCENT_COLOR_NAME = AccentColor;
				CODE_SIGN_STYLE = Automatic;
				CURRENT_PROJECT_VERSION = 1;
				DEVELOPMENT_ASSET_PATHS = "\"EnvironmentDI/Preview Content\"";
				DEVELOPMENT_TEAM = 84557KRKBS;
				ENABLE_PREVIEWS = YES;
				GENERATE_INFOPLIST_FILE = YES;
				INFOPLIST_FILE = EnvironmentDI/Info.plist;
				INFOPLIST_KEY_UIApplicationSceneManifest_Generation = YES;
				INFOPLIST_KEY_UIApplicationSupportsIndirectInputEvents = YES;
				INFOPLIST_KEY_UILaunchScreen_Generation = YES;
				INFOPLIST_KEY_UISupportedInterfaceOrientations_iPad = "UIInterfaceOrientationPortrait UIInterfaceOrientationPortraitUpsideDown UIInterfaceOrientationLandscapeLeft UIInterfaceOrientationLandscapeRight";
				INFOPLIST_KEY_UISupportedInterfaceOrientations_iPhone = "UIInterfaceOrientationPortrait UIInterfaceOrientationLandscapeLeft UIInterfaceOrientationLandscapeRight";
				LD_RUNPATH_SEARCH_PATHS = (
					"$(inherited)",
					"@executable_path/Frameworks",
				);
				MARKETING_VERSION = 1.0;
				PRODUCT_BUNDLE_IDENTIFIER = com.kotarofukuo.EnvironmentDI;
				PRODUCT_NAME = "$(TARGET_NAME)";
				SWIFT_EMIT_LOC_STRINGS = YES;
				SWIFT_VERSION = 5.0;
				TARGETED_DEVICE_FAMILY = "1,2";
			};
			name = Debug;
		};
		DBCCE53E28B810740072AA13 /* Release */ = {
			isa = XCBuildConfiguration;
			buildSettings = {
				ASSETCATALOG_COMPILER_APPICON_NAME = AppIcon;
				ASSETCATALOG_COMPILER_GLOBAL_ACCENT_COLOR_NAME = AccentColor;
				CODE_SIGN_STYLE = Automatic;
				CURRENT_PROJECT_VERSION = 1;
				DEVELOPMENT_ASSET_PATHS = "\"EnvironmentDI/Preview Content\"";
				DEVELOPMENT_TEAM = 84557KRKBS;
				ENABLE_PREVIEWS = YES;
				GENERATE_INFOPLIST_FILE = YES;
				INFOPLIST_FILE = EnvironmentDI/Info.plist;
				INFOPLIST_KEY_UIApplicationSceneManifest_Generation = YES;
				INFOPLIST_KEY_UIApplicationSupportsIndirectInputEvents = YES;
				INFOPLIST_KEY_UILaunchScreen_Generation = YES;
				INFOPLIST_KEY_UISupportedInterfaceOrientations_iPad = "UIInterfaceOrientationPortrait UIInterfaceOrientationPortraitUpsideDown UIInterfaceOrientationLandscapeLeft UIInterfaceOrientationLandscapeRight";
				INFOPLIST_KEY_UISupportedInterfaceOrientations_iPhone = "UIInterfaceOrientationPortrait UIInterfaceOrientationLandscapeLeft UIInterfaceOrientationLandscapeRight";
				LD_RUNPATH_SEARCH_PATHS = (
					"$(inherited)",
					"@executable_path/Frameworks",
				);
				MARKETING_VERSION = 1.0;
				PRODUCT_BUNDLE_IDENTIFIER = com.kotarofukuo.EnvironmentDI;
				PRODUCT_NAME = "$(TARGET_NAME)";
				SWIFT_EMIT_LOC_STRINGS = YES;
				SWIFT_VERSION = 5.0;
				TARGETED_DEVICE_FAMILY = "1,2";
			};
			name = Release;
		};
		DBCCE54028B810740072AA13 /* Debug */ = {
			isa = XCBuildConfiguration;
			buildSettings = {
				ALWAYS_EMBED_SWIFT_STANDARD_LIBRARIES = YES;
				BUNDLE_LOADER = "$(TEST_HOST)";
				CODE_SIGN_STYLE = Automatic;
				CURRENT_PROJECT_VERSION = 1;
				DEVELOPMENT_TEAM = 84557KRKBS;
				GENERATE_INFOPLIST_FILE = YES;
				IPHONEOS_DEPLOYMENT_TARGET = 16.0;
				MARKETING_VERSION = 1.0;
				PRODUCT_BUNDLE_IDENTIFIER = com.kotarofukuo.EnvironmentDITests;
				PRODUCT_NAME = "$(TARGET_NAME)";
				SWIFT_EMIT_LOC_STRINGS = NO;
				SWIFT_VERSION = 5.0;
				TARGETED_DEVICE_FAMILY = "1,2";
				TEST_HOST = "$(BUILT_PRODUCTS_DIR)/EnvironmentDI.app/$(BUNDLE_EXECUTABLE_FOLDER_PATH)/EnvironmentDI";
			};
			name = Debug;
		};
		DBCCE54128B810740072AA13 /* Release */ = {
			isa = XCBuildConfiguration;
			buildSettings = {
				ALWAYS_EMBED_SWIFT_STANDARD_LIBRARIES = YES;
				BUNDLE_LOADER = "$(TEST_HOST)";
				CODE_SIGN_STYLE = Automatic;
				CURRENT_PROJECT_VERSION = 1;
				DEVELOPMENT_TEAM = 84557KRKBS;
				GENERATE_INFOPLIST_FILE = YES;
				IPHONEOS_DEPLOYMENT_TARGET = 16.0;
				MARKETING_VERSION = 1.0;
				PRODUCT_BUNDLE_IDENTIFIER = com.kotarofukuo.EnvironmentDITests;
				PRODUCT_NAME = "$(TARGET_NAME)";
				SWIFT_EMIT_LOC_STRINGS = NO;
				SWIFT_VERSION = 5.0;
				TARGETED_DEVICE_FAMILY = "1,2";
				TEST_HOST = "$(BUILT_PRODUCTS_DIR)/EnvironmentDI.app/$(BUNDLE_EXECUTABLE_FOLDER_PATH)/EnvironmentDI";
			};
			name = Release;
		};
		DBCCE54328B810740072AA13 /* Debug */ = {
			isa = XCBuildConfiguration;
			buildSettings = {
				ALWAYS_EMBED_SWIFT_STANDARD_LIBRARIES = YES;
				CODE_SIGN_STYLE = Automatic;
				CURRENT_PROJECT_VERSION = 1;
				DEVELOPMENT_TEAM = 84557KRKBS;
				GENERATE_INFOPLIST_FILE = YES;
				MARKETING_VERSION = 1.0;
				PRODUCT_BUNDLE_IDENTIFIER = com.kotarofukuo.EnvironmentDIUITests;
				PRODUCT_NAME = "$(TARGET_NAME)";
				SWIFT_EMIT_LOC_STRINGS = NO;
				SWIFT_VERSION = 5.0;
				TARGETED_DEVICE_FAMILY = "1,2";
				TEST_TARGET_NAME = EnvironmentDI;
			};
			name = Debug;
		};
		DBCCE54428B810740072AA13 /* Release */ = {
			isa = XCBuildConfiguration;
			buildSettings = {
				ALWAYS_EMBED_SWIFT_STANDARD_LIBRARIES = YES;
				CODE_SIGN_STYLE = Automatic;
				CURRENT_PROJECT_VERSION = 1;
				DEVELOPMENT_TEAM = 84557KRKBS;
				GENERATE_INFOPLIST_FILE = YES;
				MARKETING_VERSION = 1.0;
				PRODUCT_BUNDLE_IDENTIFIER = com.kotarofukuo.EnvironmentDIUITests;
				PRODUCT_NAME = "$(TARGET_NAME)";
				SWIFT_EMIT_LOC_STRINGS = NO;
				SWIFT_VERSION = 5.0;
				TARGETED_DEVICE_FAMILY = "1,2";
				TEST_TARGET_NAME = EnvironmentDI;
			};
			name = Release;
		};
/* End XCBuildConfiguration section */

/* Begin XCConfigurationList section */
		DBCCE51328B810710072AA13 /* Build configuration list for PBXProject "EnvironmentDI" */ = {
			isa = XCConfigurationList;
			buildConfigurations = (
				DBCCE53A28B810740072AA13 /* Debug */,
				DBCCE53B28B810740072AA13 /* Release */,
			);
			defaultConfigurationIsVisible = 0;
			defaultConfigurationName = Release;
		};
		DBCCE53C28B810740072AA13 /* Build configuration list for PBXNativeTarget "EnvironmentDI" */ = {
			isa = XCConfigurationList;
			buildConfigurations = (
				DBCCE53D28B810740072AA13 /* Debug */,
				DBCCE53E28B810740072AA13 /* Release */,
			);
			defaultConfigurationIsVisible = 0;
			defaultConfigurationName = Release;
		};
		DBCCE53F28B810740072AA13 /* Build configuration list for PBXNativeTarget "EnvironmentDITests" */ = {
			isa = XCConfigurationList;
			buildConfigurations = (
				DBCCE54028B810740072AA13 /* Debug */,
				DBCCE54128B810740072AA13 /* Release */,
			);
			defaultConfigurationIsVisible = 0;
			defaultConfigurationName = Release;
		};
		DBCCE54228B810740072AA13 /* Build configuration list for PBXNativeTarget "EnvironmentDIUITests" */ = {
			isa = XCConfigurationList;
			buildConfigurations = (
				DBCCE54328B810740072AA13 /* Debug */,
				DBCCE54428B810740072AA13 /* Release */,
			);
			defaultConfigurationIsVisible = 0;
			defaultConfigurationName = Release;
		};
/* End XCConfigurationList section */
	};
	rootObject = DBCCE51028B810710072AA13 /* Project object */;
}
